// !$*UTF8*$!
{
	archiveVersion = 1;
	classes = {
	};
	objectVersion = 51;
	objects = {

/* Begin PBXBuildFile section */
		0B94E7D74DF515A00A1EADB4 /* Pods_GHWExtension.framework in Frameworks */ = {isa = PBXBuildFile; fileRef = BBC9CA1E244FCC635FA25BF4 /* Pods_GHWExtension.framework */; };
		217DFF0C288E6C160056680B /* MenuManager.m in Sources */ = {isa = PBXBuildFile; fileRef = 217DFF0B288E6C160056680B /* MenuManager.m */; };
		217DFF0F288E6ED60056680B /* MenuInfo.m in Sources */ = {isa = PBXBuildFile; fileRef = 217DFF0E288E6ED60056680B /* MenuInfo.m */; };
		217DFF17288E7BA90056680B /* OpenProjectRoot.m in Sources */ = {isa = PBXBuildFile; fileRef = 217DFF16288E7BA90056680B /* OpenProjectRoot.m */; };
		217DFF1A288E7BD70056680B /* OpenProjectRootWithTerminal.m in Sources */ = {isa = PBXBuildFile; fileRef = 217DFF19288E7BD70056680B /* OpenProjectRootWithTerminal.m */; };
		217DFF1D288E7C4A0056680B /* RemoveDerivedData.m in Sources */ = {isa = PBXBuildFile; fileRef = 217DFF1C288E7C4A0056680B /* RemoveDerivedData.m */; };
		217DFF20288E86020056680B /* ScriptRunner.m in Sources */ = {isa = PBXBuildFile; fileRef = 217DFF1F288E86020056680B /* ScriptRunner.m */; };
		21A1C86828D8415A000B9FD3 /* FuncItem.m in Sources */ = {isa = PBXBuildFile; fileRef = 21A1C86728D8415A000B9FD3 /* FuncItem.m */; };
		21A1C87428D8627A000B9FD3 /* CustomTableCellView.m in Sources */ = {isa = PBXBuildFile; fileRef = 21A1C87328D8627A000B9FD3 /* CustomTableCellView.m */; };
		21A1C87728D86291000B9FD3 /* CustomTableRowView.m in Sources */ = {isa = PBXBuildFile; fileRef = 21A1C87628D86291000B9FD3 /* CustomTableRowView.m */; };
		21A41C2D289CB13C00624ED9 /* XcodeWayScript.scpt in Resources */ = {isa = PBXBuildFile; fileRef = 21A41C2C289CB13C00624ED9 /* XcodeWayScript.scpt */; };
		21D0AE1228B4606E00A49757 /* AddToFavorite.m in Sources */ = {isa = PBXBuildFile; fileRef = 21D0AE1128B4606E00A49757 /* AddToFavorite.m */; };
		D1235212BEBB0480B2BB770C /* Pods_GHWXcodeExtension.framework in Frameworks */ = {isa = PBXBuildFile; fileRef = 92229F7234384BD68DEED940 /* Pods_GHWXcodeExtension.framework */; };
		ED6552302318F98E0036A04A /* GHWAddLazyCode.m in Sources */ = {isa = PBXBuildFile; fileRef = ED65522C2318F98E0036A04A /* GHWAddLazyCode.m */; };
		ED6552372318FB180036A04A /* GHWInitView.m in Sources */ = {isa = PBXBuildFile; fileRef = ED6552362318FB180036A04A /* GHWInitView.m */; };
		ED65523A2318FBB70036A04A /* GHWSortImport.m in Sources */ = {isa = PBXBuildFile; fileRef = ED6552392318FBB70036A04A /* GHWSortImport.m */; };
		ED65524023190CE00036A04A /* NSMutableArray+GHWExtension.m in Sources */ = {isa = PBXBuildFile; fileRef = ED65523F23190CE00036A04A /* NSMutableArray+GHWExtension.m */; };
		EDA60A402317F41000B5FA3D /* AppDelegate.m in Sources */ = {isa = PBXBuildFile; fileRef = EDA60A3F2317F41000B5FA3D /* AppDelegate.m */; };
		EDA60A432317F41000B5FA3D /* ViewController.m in Sources */ = {isa = PBXBuildFile; fileRef = EDA60A422317F41000B5FA3D /* ViewController.m */; };
		EDA60A452317F41000B5FA3D /* Assets.xcassets in Resources */ = {isa = PBXBuildFile; fileRef = EDA60A442317F41000B5FA3D /* Assets.xcassets */; };
		EDA60A482317F41000B5FA3D /* Main.storyboard in Resources */ = {isa = PBXBuildFile; fileRef = EDA60A462317F41000B5FA3D /* Main.storyboard */; };
		EDA60A4B2317F41000B5FA3D /* main.m in Sources */ = {isa = PBXBuildFile; fileRef = EDA60A4A2317F41000B5FA3D /* main.m */; };
		EDA60A5D2317F43500B5FA3D /* SourceEditorExtension.m in Sources */ = {isa = PBXBuildFile; fileRef = EDA60A5C2317F43500B5FA3D /* SourceEditorExtension.m */; };
		EDA60A602317F43500B5FA3D /* SourceEditorCommand.m in Sources */ = {isa = PBXBuildFile; fileRef = EDA60A5F2317F43500B5FA3D /* SourceEditorCommand.m */; };
		EDA60A652317F43500B5FA3D /* GHWExtension.appex in Embed App Extensions */ = {isa = PBXBuildFile; fileRef = EDA60A562317F43500B5FA3D /* GHWExtension.appex */; settings = {ATTRIBUTES = (RemoveHeadersOnCopy, ); }; };
		EDA60A752317F4BF00B5FA3D /* NSString+Extension.m in Sources */ = {isa = PBXBuildFile; fileRef = EDA60A722317F4BF00B5FA3D /* NSString+Extension.m */; };
		EDAB4ADD25F3D0D100342C7A /* Cocoa.framework in Frameworks */ = {isa = PBXBuildFile; fileRef = EDA60A582317F43500B5FA3D /* Cocoa.framework */; };
		EDAB4ADF25F3D0D900342C7A /* XcodeKit.framework in Frameworks */ = {isa = PBXBuildFile; fileRef = EDAB4ADE25F3D0D900342C7A /* XcodeKit.framework */; };
		EDAB4AE025F3D0D900342C7A /* XcodeKit.framework in Embed Frameworks */ = {isa = PBXBuildFile; fileRef = EDAB4ADE25F3D0D900342C7A /* XcodeKit.framework */; settings = {ATTRIBUTES = (CodeSignOnCopy, RemoveHeadersOnCopy, ); }; };
		EDBFBD1D231FF38000490C20 /* GHWAddComment.m in Sources */ = {isa = PBXBuildFile; fileRef = EDBFBD1C231FF38000490C20 /* GHWAddComment.m */; };
		EDC57717232E2EEB00445D4F /* GHWAddImport.m in Sources */ = {isa = PBXBuildFile; fileRef = EDC57716232E2EEB00445D4F /* GHWAddImport.m */; };
/* End PBXBuildFile section */

/* Begin PBXContainerItemProxy section */
		EDA60A632317F43500B5FA3D /* PBXContainerItemProxy */ = {
			isa = PBXContainerItemProxy;
			containerPortal = EDA60A332317F41000B5FA3D /* Project object */;
			proxyType = 1;
			remoteGlobalIDString = EDA60A552317F43500B5FA3D;
			remoteInfo = GHWExtension;
		};
/* End PBXContainerItemProxy section */

/* Begin PBXCopyFilesBuildPhase section */
		EDA60A692317F43500B5FA3D /* Embed App Extensions */ = {
			isa = PBXCopyFilesBuildPhase;
			buildActionMask = 2147483647;
			dstPath = "";
			dstSubfolderSpec = 13;
			files = (
				EDA60A652317F43500B5FA3D /* GHWExtension.appex in Embed App Extensions */,
			);
			name = "Embed App Extensions";
			runOnlyForDeploymentPostprocessing = 0;
		};
		EDAB4AE125F3D0D900342C7A /* Embed Frameworks */ = {
			isa = PBXCopyFilesBuildPhase;
			buildActionMask = 2147483647;
			dstPath = "";
			dstSubfolderSpec = 10;
			files = (
				EDAB4AE025F3D0D900342C7A /* XcodeKit.framework in Embed Frameworks */,
			);
			name = "Embed Frameworks";
			runOnlyForDeploymentPostprocessing = 0;
		};
/* End PBXCopyFilesBuildPhase section */

/* Begin PBXFileReference section */
		217DFF0A288E6C160056680B /* MenuManager.h */ = {isa = PBXFileReference; fileEncoding = 4; lastKnownFileType = sourcecode.c.h; path = MenuManager.h; sourceTree = "<group>"; };
		217DFF0B288E6C160056680B /* MenuManager.m */ = {isa = PBXFileReference; fileEncoding = 4; lastKnownFileType = sourcecode.c.objc; path = MenuManager.m; sourceTree = "<group>"; };
		217DFF0D288E6ED60056680B /* MenuInfo.h */ = {isa = PBXFileReference; lastKnownFileType = sourcecode.c.h; path = MenuInfo.h; sourceTree = "<group>"; };
		217DFF0E288E6ED60056680B /* MenuInfo.m */ = {isa = PBXFileReference; lastKnownFileType = sourcecode.c.objc; path = MenuInfo.m; sourceTree = "<group>"; };
		217DFF15288E7BA90056680B /* OpenProjectRoot.h */ = {isa = PBXFileReference; lastKnownFileType = sourcecode.c.h; path = OpenProjectRoot.h; sourceTree = "<group>"; };
		217DFF16288E7BA90056680B /* OpenProjectRoot.m */ = {isa = PBXFileReference; lastKnownFileType = sourcecode.c.objc; path = OpenProjectRoot.m; sourceTree = "<group>"; };
		217DFF18288E7BD70056680B /* OpenProjectRootWithTerminal.h */ = {isa = PBXFileReference; lastKnownFileType = sourcecode.c.h; path = OpenProjectRootWithTerminal.h; sourceTree = "<group>"; };
		217DFF19288E7BD70056680B /* OpenProjectRootWithTerminal.m */ = {isa = PBXFileReference; lastKnownFileType = sourcecode.c.objc; path = OpenProjectRootWithTerminal.m; sourceTree = "<group>"; };
		217DFF1B288E7C4A0056680B /* RemoveDerivedData.h */ = {isa = PBXFileReference; lastKnownFileType = sourcecode.c.h; path = RemoveDerivedData.h; sourceTree = "<group>"; };
		217DFF1C288E7C4A0056680B /* RemoveDerivedData.m */ = {isa = PBXFileReference; lastKnownFileType = sourcecode.c.objc; path = RemoveDerivedData.m; sourceTree = "<group>"; };
		217DFF1E288E86020056680B /* ScriptRunner.h */ = {isa = PBXFileReference; lastKnownFileType = sourcecode.c.h; path = ScriptRunner.h; sourceTree = "<group>"; };
		217DFF1F288E86020056680B /* ScriptRunner.m */ = {isa = PBXFileReference; lastKnownFileType = sourcecode.c.objc; path = ScriptRunner.m; sourceTree = "<group>"; };
		21A1C86628D8415A000B9FD3 /* FuncItem.h */ = {isa = PBXFileReference; lastKnownFileType = sourcecode.c.h; path = FuncItem.h; sourceTree = "<group>"; };
		21A1C86728D8415A000B9FD3 /* FuncItem.m */ = {isa = PBXFileReference; lastKnownFileType = sourcecode.c.objc; path = FuncItem.m; sourceTree = "<group>"; };
		21A1C87228D8627A000B9FD3 /* CustomTableCellView.h */ = {isa = PBXFileReference; lastKnownFileType = sourcecode.c.h; path = CustomTableCellView.h; sourceTree = "<group>"; };
		21A1C87328D8627A000B9FD3 /* CustomTableCellView.m */ = {isa = PBXFileReference; lastKnownFileType = sourcecode.c.objc; path = CustomTableCellView.m; sourceTree = "<group>"; };
		21A1C87528D86291000B9FD3 /* CustomTableRowView.h */ = {isa = PBXFileReference; lastKnownFileType = sourcecode.c.h; path = CustomTableRowView.h; sourceTree = "<group>"; };
		21A1C87628D86291000B9FD3 /* CustomTableRowView.m */ = {isa = PBXFileReference; lastKnownFileType = sourcecode.c.objc; path = CustomTableRowView.m; sourceTree = "<group>"; };
		21A41C2C289CB13C00624ED9 /* XcodeWayScript.scpt */ = {isa = PBXFileReference; lastKnownFileType = text; name = XcodeWayScript.scpt; path = GHWXcodeExtension/XcodeWayScript.scpt; sourceTree = SOURCE_ROOT; };
		21D0AE1028B4606E00A49757 /* AddToFavorite.h */ = {isa = PBXFileReference; lastKnownFileType = sourcecode.c.h; path = AddToFavorite.h; sourceTree = "<group>"; };
		21D0AE1128B4606E00A49757 /* AddToFavorite.m */ = {isa = PBXFileReference; lastKnownFileType = sourcecode.c.objc; path = AddToFavorite.m; sourceTree = "<group>"; };
		22D679596404856FB6BB4145 /* Pods-GHWExtension.debug.xcconfig */ = {isa = PBXFileReference; includeInIndex = 1; lastKnownFileType = text.xcconfig; name = "Pods-GHWExtension.debug.xcconfig"; path = "Target Support Files/Pods-GHWExtension/Pods-GHWExtension.debug.xcconfig"; sourceTree = "<group>"; };
		44F77CC4E21EA8A95ADDBA3C /* Pods-GHWXcodeExtension.release.xcconfig */ = {isa = PBXFileReference; includeInIndex = 1; lastKnownFileType = text.xcconfig; name = "Pods-GHWXcodeExtension.release.xcconfig"; path = "Target Support Files/Pods-GHWXcodeExtension/Pods-GHWXcodeExtension.release.xcconfig"; sourceTree = "<group>"; };
		70022FC8A7C8E96E13E4C19F /* Pods-GHWExtension.release.xcconfig */ = {isa = PBXFileReference; includeInIndex = 1; lastKnownFileType = text.xcconfig; name = "Pods-GHWExtension.release.xcconfig"; path = "Target Support Files/Pods-GHWExtension/Pods-GHWExtension.release.xcconfig"; sourceTree = "<group>"; };
		92229F7234384BD68DEED940 /* Pods_GHWXcodeExtension.framework */ = {isa = PBXFileReference; explicitFileType = wrapper.framework; includeInIndex = 0; path = Pods_GHWXcodeExtension.framework; sourceTree = BUILT_PRODUCTS_DIR; };
		B52E29B332C61AA6549F741F /* Pods-GHWXcodeExtension.debug.xcconfig */ = {isa = PBXFileReference; includeInIndex = 1; lastKnownFileType = text.xcconfig; name = "Pods-GHWXcodeExtension.debug.xcconfig"; path = "Target Support Files/Pods-GHWXcodeExtension/Pods-GHWXcodeExtension.debug.xcconfig"; sourceTree = "<group>"; };
		BBC9CA1E244FCC635FA25BF4 /* Pods_GHWExtension.framework */ = {isa = PBXFileReference; explicitFileType = wrapper.framework; includeInIndex = 0; path = Pods_GHWExtension.framework; sourceTree = BUILT_PRODUCTS_DIR; };
		ED65522A2318F98E0036A04A /* GHWExtensionConst.h */ = {isa = PBXFileReference; fileEncoding = 4; lastKnownFileType = sourcecode.c.h; path = GHWExtensionConst.h; sourceTree = "<group>"; };
		ED65522C2318F98E0036A04A /* GHWAddLazyCode.m */ = {isa = PBXFileReference; fileEncoding = 4; lastKnownFileType = sourcecode.c.objc; path = GHWAddLazyCode.m; sourceTree = "<group>"; };
		ED65522E2318F98E0036A04A /* GHWAddLazyCode.h */ = {isa = PBXFileReference; fileEncoding = 4; lastKnownFileType = sourcecode.c.h; path = GHWAddLazyCode.h; sourceTree = "<group>"; };
		ED6552352318FB180036A04A /* GHWInitView.h */ = {isa = PBXFileReference; lastKnownFileType = sourcecode.c.h; path = GHWInitView.h; sourceTree = "<group>"; };
		ED6552362318FB180036A04A /* GHWInitView.m */ = {isa = PBXFileReference; lastKnownFileType = sourcecode.c.objc; path = GHWInitView.m; sourceTree = "<group>"; };
		ED6552382318FBB70036A04A /* GHWSortImport.h */ = {isa = PBXFileReference; lastKnownFileType = sourcecode.c.h; path = GHWSortImport.h; sourceTree = "<group>"; };
		ED6552392318FBB70036A04A /* GHWSortImport.m */ = {isa = PBXFileReference; lastKnownFileType = sourcecode.c.objc; path = GHWSortImport.m; sourceTree = "<group>"; };
		ED65523E23190CE00036A04A /* NSMutableArray+GHWExtension.h */ = {isa = PBXFileReference; lastKnownFileType = sourcecode.c.h; path = "NSMutableArray+GHWExtension.h"; sourceTree = "<group>"; };
		ED65523F23190CE00036A04A /* NSMutableArray+GHWExtension.m */ = {isa = PBXFileReference; lastKnownFileType = sourcecode.c.objc; path = "NSMutableArray+GHWExtension.m"; sourceTree = "<group>"; };
		EDA60A3B2317F41000B5FA3D /* GHWXcodeExtension.app */ = {isa = PBXFileReference; explicitFileType = wrapper.application; includeInIndex = 0; path = GHWXcodeExtension.app; sourceTree = BUILT_PRODUCTS_DIR; };
		EDA60A3E2317F41000B5FA3D /* AppDelegate.h */ = {isa = PBXFileReference; lastKnownFileType = sourcecode.c.h; path = AppDelegate.h; sourceTree = "<group>"; };
		EDA60A3F2317F41000B5FA3D /* AppDelegate.m */ = {isa = PBXFileReference; lastKnownFileType = sourcecode.c.objc; path = AppDelegate.m; sourceTree = "<group>"; };
		EDA60A412317F41000B5FA3D /* ViewController.h */ = {isa = PBXFileReference; lastKnownFileType = sourcecode.c.h; path = ViewController.h; sourceTree = "<group>"; };
		EDA60A422317F41000B5FA3D /* ViewController.m */ = {isa = PBXFileReference; lastKnownFileType = sourcecode.c.objc; path = ViewController.m; sourceTree = "<group>"; };
		EDA60A442317F41000B5FA3D /* Assets.xcassets */ = {isa = PBXFileReference; lastKnownFileType = folder.assetcatalog; path = Assets.xcassets; sourceTree = "<group>"; };
		EDA60A472317F41000B5FA3D /* Base */ = {isa = PBXFileReference; lastKnownFileType = file.storyboard; name = Base; path = Base.lproj/Main.storyboard; sourceTree = "<group>"; };
		EDA60A492317F41000B5FA3D /* Info.plist */ = {isa = PBXFileReference; lastKnownFileType = text.plist.xml; path = Info.plist; sourceTree = "<group>"; };
		EDA60A4A2317F41000B5FA3D /* main.m */ = {isa = PBXFileReference; lastKnownFileType = sourcecode.c.objc; path = main.m; sourceTree = "<group>"; };
		EDA60A4C2317F41000B5FA3D /* GHWXcodeExtension.entitlements */ = {isa = PBXFileReference; lastKnownFileType = text.plist.entitlements; path = GHWXcodeExtension.entitlements; sourceTree = "<group>"; };
		EDA60A562317F43500B5FA3D /* GHWExtension.appex */ = {isa = PBXFileReference; explicitFileType = "wrapper.app-extension"; includeInIndex = 0; path = GHWExtension.appex; sourceTree = BUILT_PRODUCTS_DIR; };
		EDA60A582317F43500B5FA3D /* Cocoa.framework */ = {isa = PBXFileReference; lastKnownFileType = wrapper.framework; name = Cocoa.framework; path = System/Library/Frameworks/Cocoa.framework; sourceTree = SDKROOT; };
		EDA60A5B2317F43500B5FA3D /* SourceEditorExtension.h */ = {isa = PBXFileReference; lastKnownFileType = sourcecode.c.h; path = SourceEditorExtension.h; sourceTree = "<group>"; };
		EDA60A5C2317F43500B5FA3D /* SourceEditorExtension.m */ = {isa = PBXFileReference; lastKnownFileType = sourcecode.c.objc; path = SourceEditorExtension.m; sourceTree = "<group>"; };
		EDA60A5E2317F43500B5FA3D /* SourceEditorCommand.h */ = {isa = PBXFileReference; lastKnownFileType = sourcecode.c.h; path = SourceEditorCommand.h; sourceTree = "<group>"; };
		EDA60A5F2317F43500B5FA3D /* SourceEditorCommand.m */ = {isa = PBXFileReference; lastKnownFileType = sourcecode.c.objc; path = SourceEditorCommand.m; sourceTree = "<group>"; };
		EDA60A612317F43500B5FA3D /* Info.plist */ = {isa = PBXFileReference; lastKnownFileType = text.plist.xml; path = Info.plist; sourceTree = "<group>"; };
		EDA60A622317F43500B5FA3D /* GHWExtension.entitlements */ = {isa = PBXFileReference; lastKnownFileType = text.plist.entitlements; path = GHWExtension.entitlements; sourceTree = "<group>"; };
		EDA60A712317F4BF00B5FA3D /* NSString+Extension.h */ = {isa = PBXFileReference; fileEncoding = 4; lastKnownFileType = sourcecode.c.h; path = "NSString+Extension.h"; sourceTree = "<group>"; };
		EDA60A722317F4BF00B5FA3D /* NSString+Extension.m */ = {isa = PBXFileReference; fileEncoding = 4; lastKnownFileType = sourcecode.c.objc; path = "NSString+Extension.m"; sourceTree = "<group>"; };
		EDAB4ADE25F3D0D900342C7A /* XcodeKit.framework */ = {isa = PBXFileReference; lastKnownFileType = wrapper.framework; name = XcodeKit.framework; path = Library/Frameworks/XcodeKit.framework; sourceTree = DEVELOPER_DIR; };
		EDBFBD1B231FF38000490C20 /* GHWAddComment.h */ = {isa = PBXFileReference; lastKnownFileType = sourcecode.c.h; path = GHWAddComment.h; sourceTree = "<group>"; };
		EDBFBD1C231FF38000490C20 /* GHWAddComment.m */ = {isa = PBXFileReference; lastKnownFileType = sourcecode.c.objc; path = GHWAddComment.m; sourceTree = "<group>"; };
		EDC57715232E2EEB00445D4F /* GHWAddImport.h */ = {isa = PBXFileReference; lastKnownFileType = sourcecode.c.h; path = GHWAddImport.h; sourceTree = "<group>"; };
		EDC57716232E2EEB00445D4F /* GHWAddImport.m */ = {isa = PBXFileReference; lastKnownFileType = sourcecode.c.objc; path = GHWAddImport.m; sourceTree = "<group>"; };
/* End PBXFileReference section */

/* Begin PBXFrameworksBuildPhase section */
		EDA60A382317F41000B5FA3D /* Frameworks */ = {
			isa = PBXFrameworksBuildPhase;
			buildActionMask = 2147483647;
			files = (
				D1235212BEBB0480B2BB770C /* Pods_GHWXcodeExtension.framework in Frameworks */,
			);
			runOnlyForDeploymentPostprocessing = 0;
		};
		EDA60A532317F43500B5FA3D /* Frameworks */ = {
			isa = PBXFrameworksBuildPhase;
			buildActionMask = 2147483647;
			files = (
				EDAB4ADD25F3D0D100342C7A /* Cocoa.framework in Frameworks */,
				EDAB4ADF25F3D0D900342C7A /* XcodeKit.framework in Frameworks */,
				0B94E7D74DF515A00A1EADB4 /* Pods_GHWExtension.framework in Frameworks */,
			);
			runOnlyForDeploymentPostprocessing = 0;
		};
/* End PBXFrameworksBuildPhase section */

/* Begin PBXGroup section */
		0A58A76C8F8C3DAD6756E59D /* Pods */ = {
			isa = PBXGroup;
			children = (
				22D679596404856FB6BB4145 /* Pods-GHWExtension.debug.xcconfig */,
				70022FC8A7C8E96E13E4C19F /* Pods-GHWExtension.release.xcconfig */,
				B52E29B332C61AA6549F741F /* Pods-GHWXcodeExtension.debug.xcconfig */,
				44F77CC4E21EA8A95ADDBA3C /* Pods-GHWXcodeExtension.release.xcconfig */,
			);
			path = Pods;
			sourceTree = "<group>";
		};
		217DFF09288E6C160056680B /* MenuManager */ = {
			isa = PBXGroup;
			children = (
				217DFF0A288E6C160056680B /* MenuManager.h */,
				217DFF0B288E6C160056680B /* MenuManager.m */,
				217DFF1E288E86020056680B /* ScriptRunner.h */,
				217DFF1F288E86020056680B /* ScriptRunner.m */,
			);
			path = MenuManager;
			sourceTree = "<group>";
		};
		217DFF13288E7B8A0056680B /* removeDerivedData */ = {
			isa = PBXGroup;
			children = (
				217DFF1B288E7C4A0056680B /* RemoveDerivedData.h */,
				217DFF1C288E7C4A0056680B /* RemoveDerivedData.m */,
			);
			path = removeDerivedData;
			sourceTree = "<group>";
		};
		217DFF14288E7B8A0056680B /* openFinder */ = {
			isa = PBXGroup;
			children = (
				217DFF15288E7BA90056680B /* OpenProjectRoot.h */,
				217DFF16288E7BA90056680B /* OpenProjectRoot.m */,
				217DFF18288E7BD70056680B /* OpenProjectRootWithTerminal.h */,
				217DFF19288E7BD70056680B /* OpenProjectRootWithTerminal.m */,
			);
			path = openFinder;
			sourceTree = "<group>";
		};
		21D0AE0F28B45FFD00A49757 /* addToFavorite */ = {
			isa = PBXGroup;
			children = (
				21D0AE1028B4606E00A49757 /* AddToFavorite.h */,
				21D0AE1128B4606E00A49757 /* AddToFavorite.m */,
			);
			path = addToFavorite;
			sourceTree = "<group>";
		};
		ED65522B2318F98E0036A04A /* addLazyCode */ = {
			isa = PBXGroup;
			children = (
				ED65522E2318F98E0036A04A /* GHWAddLazyCode.h */,
				ED65522C2318F98E0036A04A /* GHWAddLazyCode.m */,
			);
			path = addLazyCode;
			sourceTree = "<group>";
		};
		ED6552322318FA500036A04A /* initView */ = {
			isa = PBXGroup;
			children = (
				ED6552352318FB180036A04A /* GHWInitView.h */,
				ED6552362318FB180036A04A /* GHWInitView.m */,
			);
			path = initView;
			sourceTree = "<group>";
		};
		ED6552342318FA720036A04A /* sortImport */ = {
			isa = PBXGroup;
			children = (
				ED6552382318FBB70036A04A /* GHWSortImport.h */,
				ED6552392318FBB70036A04A /* GHWSortImport.m */,
			);
			path = sortImport;
			sourceTree = "<group>";
		};
		EDA60A322317F41000B5FA3D = {
			isa = PBXGroup;
			children = (
				EDA60A3D2317F41000B5FA3D /* GHWXcodeExtension */,
				EDA60A5A2317F43500B5FA3D /* GHWExtension */,
				EDA60A572317F43500B5FA3D /* Frameworks */,
				EDA60A3C2317F41000B5FA3D /* Products */,
				0A58A76C8F8C3DAD6756E59D /* Pods */,
			);
			sourceTree = "<group>";
		};
		EDA60A3C2317F41000B5FA3D /* Products */ = {
			isa = PBXGroup;
			children = (
				EDA60A3B2317F41000B5FA3D /* GHWXcodeExtension.app */,
				EDA60A562317F43500B5FA3D /* GHWExtension.appex */,
			);
			name = Products;
			sourceTree = "<group>";
		};
		EDA60A3D2317F41000B5FA3D /* GHWXcodeExtension */ = {
			isa = PBXGroup;
			children = (
				21A41C2C289CB13C00624ED9 /* XcodeWayScript.scpt */,
				EDA60A3E2317F41000B5FA3D /* AppDelegate.h */,
				EDA60A3F2317F41000B5FA3D /* AppDelegate.m */,
				EDA60A412317F41000B5FA3D /* ViewController.h */,
				EDA60A422317F41000B5FA3D /* ViewController.m */,
				EDA60A442317F41000B5FA3D /* Assets.xcassets */,
				EDA60A462317F41000B5FA3D /* Main.storyboard */,
				EDA60A492317F41000B5FA3D /* Info.plist */,
				EDA60A4A2317F41000B5FA3D /* main.m */,
				EDA60A4C2317F41000B5FA3D /* GHWXcodeExtension.entitlements */,
				21A1C86628D8415A000B9FD3 /* FuncItem.h */,
				21A1C86728D8415A000B9FD3 /* FuncItem.m */,
				21A1C87228D8627A000B9FD3 /* CustomTableCellView.h */,
				21A1C87328D8627A000B9FD3 /* CustomTableCellView.m */,
				21A1C87528D86291000B9FD3 /* CustomTableRowView.h */,
				21A1C87628D86291000B9FD3 /* CustomTableRowView.m */,
			);
			path = GHWXcodeExtension;
			sourceTree = "<group>";
		};
		EDA60A572317F43500B5FA3D /* Frameworks */ = {
			isa = PBXGroup;
			children = (
				EDAB4ADE25F3D0D900342C7A /* XcodeKit.framework */,
				EDA60A582317F43500B5FA3D /* Cocoa.framework */,
				BBC9CA1E244FCC635FA25BF4 /* Pods_GHWExtension.framework */,
				92229F7234384BD68DEED940 /* Pods_GHWXcodeExtension.framework */,
			);
			name = Frameworks;
			sourceTree = "<group>";
		};
		EDA60A5A2317F43500B5FA3D /* GHWExtension */ = {
			isa = PBXGroup;
			children = (
				21D0AE0F28B45FFD00A49757 /* addToFavorite */,
				217DFF14288E7B8A0056680B /* openFinder */,
				217DFF13288E7B8A0056680B /* removeDerivedData */,
				217DFF09288E6C160056680B /* MenuManager */,
				EDC57714232E2EC100445D4F /* addImport */,
				EDBFBD1A231FF35500490C20 /* addComment */,
				ED6552322318FA500036A04A /* initView */,
				ED65522B2318F98E0036A04A /* addLazyCode */,
				ED6552342318FA720036A04A /* sortImport */,
				EDA60A702317F4BF00B5FA3D /* Tools */,
				ED65522A2318F98E0036A04A /* GHWExtensionConst.h */,
				EDA60A5B2317F43500B5FA3D /* SourceEditorExtension.h */,
				EDA60A5C2317F43500B5FA3D /* SourceEditorExtension.m */,
				EDA60A5E2317F43500B5FA3D /* SourceEditorCommand.h */,
				EDA60A5F2317F43500B5FA3D /* SourceEditorCommand.m */,
				217DFF0D288E6ED60056680B /* MenuInfo.h */,
				217DFF0E288E6ED60056680B /* MenuInfo.m */,
				EDA60A612317F43500B5FA3D /* Info.plist */,
				EDA60A622317F43500B5FA3D /* GHWExtension.entitlements */,
			);
			path = GHWExtension;
			sourceTree = "<group>";
		};
		EDA60A702317F4BF00B5FA3D /* Tools */ = {
			isa = PBXGroup;
			children = (
				EDA60A712317F4BF00B5FA3D /* NSString+Extension.h */,
				EDA60A722317F4BF00B5FA3D /* NSString+Extension.m */,
				ED65523E23190CE00036A04A /* NSMutableArray+GHWExtension.h */,
				ED65523F23190CE00036A04A /* NSMutableArray+GHWExtension.m */,
			);
			path = Tools;
			sourceTree = "<group>";
		};
		EDBFBD1A231FF35500490C20 /* addComment */ = {
			isa = PBXGroup;
			children = (
				EDBFBD1B231FF38000490C20 /* GHWAddComment.h */,
				EDBFBD1C231FF38000490C20 /* GHWAddComment.m */,
			);
			path = addComment;
			sourceTree = "<group>";
		};
		EDC57714232E2EC100445D4F /* addImport */ = {
			isa = PBXGroup;
			children = (
				EDC57715232E2EEB00445D4F /* GHWAddImport.h */,
				EDC57716232E2EEB00445D4F /* GHWAddImport.m */,
			);
			path = addImport;
			sourceTree = "<group>";
		};
/* End PBXGroup section */

/* Begin PBXNativeTarget section */
		EDA60A3A2317F41000B5FA3D /* GHWXcodeExtension */ = {
			isa = PBXNativeTarget;
			buildConfigurationList = EDA60A4F2317F41000B5FA3D /* Build configuration list for PBXNativeTarget "GHWXcodeExtension" */;
			buildPhases = (
				58FE073717BC2BAD7A696826 /* [CP] Check Pods Manifest.lock */,
				EDA60A372317F41000B5FA3D /* Sources */,
				EDA60A382317F41000B5FA3D /* Frameworks */,
				EDA60A392317F41000B5FA3D /* Resources */,
				EDA60A692317F43500B5FA3D /* Embed App Extensions */,
				401A3CD6A476284720B74CF8 /* [CP] Embed Pods Frameworks */,
			);
			buildRules = (
			);
			dependencies = (
				EDA60A642317F43500B5FA3D /* PBXTargetDependency */,
			);
			name = GHWXcodeExtension;
			productName = GHWXcodeExtension;
			productReference = EDA60A3B2317F41000B5FA3D /* GHWXcodeExtension.app */;
			productType = "com.apple.product-type.application";
		};
		EDA60A552317F43500B5FA3D /* GHWExtension */ = {
			isa = PBXNativeTarget;
			buildConfigurationList = EDA60A662317F43500B5FA3D /* Build configuration list for PBXNativeTarget "GHWExtension" */;
			buildPhases = (
				DD48384AAD66C5D51BA9B98E /* [CP] Check Pods Manifest.lock */,
				EDA60A522317F43500B5FA3D /* Sources */,
				EDA60A532317F43500B5FA3D /* Frameworks */,
				EDA60A542317F43500B5FA3D /* Resources */,
				EDAB4AE125F3D0D900342C7A /* Embed Frameworks */,
			);
			buildRules = (
			);
			dependencies = (
			);
			name = GHWExtension;
			productName = GHWExtension;
			productReference = EDA60A562317F43500B5FA3D /* GHWExtension.appex */;
			productType = "com.apple.product-type.xcode-extension";
		};
/* End PBXNativeTarget section */

/* Begin PBXProject section */
		EDA60A332317F41000B5FA3D /* Project object */ = {
			isa = PBXProject;
			attributes = {
				LastUpgradeCheck = 1340;
				ORGANIZATIONNAME = Jingyao;
				TargetAttributes = {
					EDA60A3A2317F41000B5FA3D = {
						CreatedOnToolsVersion = 10.2.1;
					};
					EDA60A552317F43500B5FA3D = {
						CreatedOnToolsVersion = 10.2.1;
					};
				};
			};
			buildConfigurationList = EDA60A362317F41000B5FA3D /* Build configuration list for PBXProject "GHWXcodeExtension" */;
			compatibilityVersion = "Xcode 9.3";
			developmentRegion = en;
			hasScannedForEncodings = 0;
			knownRegions = (
				en,
				Base,
			);
			mainGroup = EDA60A322317F41000B5FA3D;
			productRefGroup = EDA60A3C2317F41000B5FA3D /* Products */;
			projectDirPath = "";
			projectRoot = "";
			targets = (
				EDA60A3A2317F41000B5FA3D /* GHWXcodeExtension */,
				EDA60A552317F43500B5FA3D /* GHWExtension */,
			);
		};
/* End PBXProject section */

/* Begin PBXResourcesBuildPhase section */
		EDA60A392317F41000B5FA3D /* Resources */ = {
			isa = PBXResourcesBuildPhase;
			buildActionMask = 2147483647;
			files = (
				21A41C2D289CB13C00624ED9 /* XcodeWayScript.scpt in Resources */,
				EDA60A452317F41000B5FA3D /* Assets.xcassets in Resources */,
				EDA60A482317F41000B5FA3D /* Main.storyboard in Resources */,
			);
			runOnlyForDeploymentPostprocessing = 0;
		};
		EDA60A542317F43500B5FA3D /* Resources */ = {
			isa = PBXResourcesBuildPhase;
			buildActionMask = 2147483647;
			files = (
			);
			runOnlyForDeploymentPostprocessing = 0;
		};
/* End PBXResourcesBuildPhase section */

/* Begin PBXShellScriptBuildPhase section */
		401A3CD6A476284720B74CF8 /* [CP] Embed Pods Frameworks */ = {
			isa = PBXShellScriptBuildPhase;
			buildActionMask = 2147483647;
			files = (
			);
			inputFileListPaths = (
				"${PODS_ROOT}/Target Support Files/Pods-GHWXcodeExtension/Pods-GHWXcodeExtension-frameworks-${CONFIGURATION}-input-files.xcfilelist",
			);
			name = "[CP] Embed Pods Frameworks";
			outputFileListPaths = (
				"${PODS_ROOT}/Target Support Files/Pods-GHWXcodeExtension/Pods-GHWXcodeExtension-frameworks-${CONFIGURATION}-output-files.xcfilelist",
			);
			runOnlyForDeploymentPostprocessing = 0;
			shellPath = /bin/sh;
			shellScript = "\"${PODS_ROOT}/Target Support Files/Pods-GHWXcodeExtension/Pods-GHWXcodeExtension-frameworks.sh\"\n";
			showEnvVarsInLog = 0;
		};
		58FE073717BC2BAD7A696826 /* [CP] Check Pods Manifest.lock */ = {
			isa = PBXShellScriptBuildPhase;
			buildActionMask = 2147483647;
			files = (
			);
			inputFileListPaths = (
			);
			inputPaths = (
				"${PODS_PODFILE_DIR_PATH}/Podfile.lock",
				"${PODS_ROOT}/Manifest.lock",
			);
			name = "[CP] Check Pods Manifest.lock";
			outputFileListPaths = (
			);
			outputPaths = (
				"$(DERIVED_FILE_DIR)/Pods-GHWXcodeExtension-checkManifestLockResult.txt",
			);
			runOnlyForDeploymentPostprocessing = 0;
			shellPath = /bin/sh;
			shellScript = "diff \"${PODS_PODFILE_DIR_PATH}/Podfile.lock\" \"${PODS_ROOT}/Manifest.lock\" > /dev/null\nif [ $? != 0 ] ; then\n    # print error to STDERR\n    echo \"error: The sandbox is not in sync with the Podfile.lock. Run 'pod install' or update your CocoaPods installation.\" >&2\n    exit 1\nfi\n# This output is used by Xcode 'outputs' to avoid re-running this script phase.\necho \"SUCCESS\" > \"${SCRIPT_OUTPUT_FILE_0}\"\n";
			showEnvVarsInLog = 0;
		};
		DD48384AAD66C5D51BA9B98E /* [CP] Check Pods Manifest.lock */ = {
			isa = PBXShellScriptBuildPhase;
			buildActionMask = 2147483647;
			files = (
			);
			inputFileListPaths = (
			);
			inputPaths = (
				"${PODS_PODFILE_DIR_PATH}/Podfile.lock",
				"${PODS_ROOT}/Manifest.lock",
			);
			name = "[CP] Check Pods Manifest.lock";
			outputFileListPaths = (
			);
			outputPaths = (
				"$(DERIVED_FILE_DIR)/Pods-GHWExtension-checkManifestLockResult.txt",
			);
			runOnlyForDeploymentPostprocessing = 0;
			shellPath = /bin/sh;
			shellScript = "diff \"${PODS_PODFILE_DIR_PATH}/Podfile.lock\" \"${PODS_ROOT}/Manifest.lock\" > /dev/null\nif [ $? != 0 ] ; then\n    # print error to STDERR\n    echo \"error: The sandbox is not in sync with the Podfile.lock. Run 'pod install' or update your CocoaPods installation.\" >&2\n    exit 1\nfi\n# This output is used by Xcode 'outputs' to avoid re-running this script phase.\necho \"SUCCESS\" > \"${SCRIPT_OUTPUT_FILE_0}\"\n";
			showEnvVarsInLog = 0;
		};
/* End PBXShellScriptBuildPhase section */

/* Begin PBXSourcesBuildPhase section */
		EDA60A372317F41000B5FA3D /* Sources */ = {
			isa = PBXSourcesBuildPhase;
			buildActionMask = 2147483647;
			files = (
				EDA60A432317F41000B5FA3D /* ViewController.m in Sources */,
				21A1C87728D86291000B9FD3 /* CustomTableRowView.m in Sources */,
				EDA60A4B2317F41000B5FA3D /* main.m in Sources */,
				21A1C86828D8415A000B9FD3 /* FuncItem.m in Sources */,
				21A1C87428D8627A000B9FD3 /* CustomTableCellView.m in Sources */,
				EDA60A402317F41000B5FA3D /* AppDelegate.m in Sources */,
			);
			runOnlyForDeploymentPostprocessing = 0;
		};
		EDA60A522317F43500B5FA3D /* Sources */ = {
			isa = PBXSourcesBuildPhase;
			buildActionMask = 2147483647;
			files = (
				EDA60A752317F4BF00B5FA3D /* NSString+Extension.m in Sources */,
				217DFF20288E86020056680B /* ScriptRunner.m in Sources */,
				217DFF1D288E7C4A0056680B /* RemoveDerivedData.m in Sources */,
				EDA60A5D2317F43500B5FA3D /* SourceEditorExtension.m in Sources */,
				ED6552302318F98E0036A04A /* GHWAddLazyCode.m in Sources */,
				217DFF0F288E6ED60056680B /* MenuInfo.m in Sources */,
				21D0AE1228B4606E00A49757 /* AddToFavorite.m in Sources */,
				ED6552372318FB180036A04A /* GHWInitView.m in Sources */,
				EDC57717232E2EEB00445D4F /* GHWAddImport.m in Sources */,
				EDA60A602317F43500B5FA3D /* SourceEditorCommand.m in Sources */,
				ED65523A2318FBB70036A04A /* GHWSortImport.m in Sources */,
				EDBFBD1D231FF38000490C20 /* GHWAddComment.m in Sources */,
				217DFF17288E7BA90056680B /* OpenProjectRoot.m in Sources */,
				217DFF1A288E7BD70056680B /* OpenProjectRootWithTerminal.m in Sources */,
				217DFF0C288E6C160056680B /* MenuManager.m in Sources */,
				ED65524023190CE00036A04A /* NSMutableArray+GHWExtension.m in Sources */,
			);
			runOnlyForDeploymentPostprocessing = 0;
		};
/* End PBXSourcesBuildPhase section */

/* Begin PBXTargetDependency section */
		EDA60A642317F43500B5FA3D /* PBXTargetDependency */ = {
			isa = PBXTargetDependency;
			target = EDA60A552317F43500B5FA3D /* GHWExtension */;
			targetProxy = EDA60A632317F43500B5FA3D /* PBXContainerItemProxy */;
		};
/* End PBXTargetDependency section */

/* Begin PBXVariantGroup section */
		EDA60A462317F41000B5FA3D /* Main.storyboard */ = {
			isa = PBXVariantGroup;
			children = (
				EDA60A472317F41000B5FA3D /* Base */,
			);
			name = Main.storyboard;
			sourceTree = "<group>";
		};
/* End PBXVariantGroup section */

/* Begin XCBuildConfiguration section */
		EDA60A4D2317F41000B5FA3D /* Debug */ = {
			isa = XCBuildConfiguration;
			buildSettings = {
				ALWAYS_SEARCH_USER_PATHS = NO;
				CLANG_ANALYZER_NONNULL = YES;
				CLANG_ANALYZER_NUMBER_OBJECT_CONVERSION = YES_AGGRESSIVE;
				CLANG_CXX_LANGUAGE_STANDARD = "gnu++14";
				CLANG_CXX_LIBRARY = "libc++";
				CLANG_ENABLE_MODULES = YES;
				CLANG_ENABLE_OBJC_ARC = YES;
				CLANG_ENABLE_OBJC_WEAK = YES;
				CLANG_WARN_BLOCK_CAPTURE_AUTORELEASING = YES;
				CLANG_WARN_BOOL_CONVERSION = YES;
				CLANG_WARN_COMMA = YES;
				CLANG_WARN_CONSTANT_CONVERSION = YES;
				CLANG_WARN_DEPRECATED_OBJC_IMPLEMENTATIONS = YES;
				CLANG_WARN_DIRECT_OBJC_ISA_USAGE = YES_ERROR;
				CLANG_WARN_DOCUMENTATION_COMMENTS = YES;
				CLANG_WARN_EMPTY_BODY = YES;
				CLANG_WARN_ENUM_CONVERSION = YES;
				CLANG_WARN_INFINITE_RECURSION = YES;
				CLANG_WARN_INT_CONVERSION = YES;
				CLANG_WARN_NON_LITERAL_NULL_CONVERSION = YES;
				CLANG_WARN_OBJC_IMPLICIT_RETAIN_SELF = YES;
				CLANG_WARN_OBJC_LITERAL_CONVERSION = YES;
				CLANG_WARN_OBJC_ROOT_CLASS = YES_ERROR;
				CLANG_WARN_QUOTED_INCLUDE_IN_FRAMEWORK_HEADER = YES;
				CLANG_WARN_RANGE_LOOP_ANALYSIS = YES;
				CLANG_WARN_STRICT_PROTOTYPES = YES;
				CLANG_WARN_SUSPICIOUS_MOVE = YES;
				CLANG_WARN_UNGUARDED_AVAILABILITY = YES_AGGRESSIVE;
				CLANG_WARN_UNREACHABLE_CODE = YES;
				CLANG_WARN__DUPLICATE_METHOD_MATCH = YES;
				CODE_SIGN_IDENTITY = "Mac Developer";
				COPY_PHASE_STRIP = NO;
				DEBUG_INFORMATION_FORMAT = dwarf;
				ENABLE_STRICT_OBJC_MSGSEND = YES;
				ENABLE_TESTABILITY = YES;
				GCC_C_LANGUAGE_STANDARD = gnu11;
				GCC_DYNAMIC_NO_PIC = NO;
				GCC_NO_COMMON_BLOCKS = YES;
				GCC_OPTIMIZATION_LEVEL = 0;
				GCC_PREPROCESSOR_DEFINITIONS = (
					"DEBUG=1",
					"$(inherited)",
				);
				GCC_WARN_64_TO_32_BIT_CONVERSION = YES;
				GCC_WARN_ABOUT_RETURN_TYPE = YES_ERROR;
				GCC_WARN_UNDECLARED_SELECTOR = YES;
				GCC_WARN_UNINITIALIZED_AUTOS = YES_AGGRESSIVE;
				GCC_WARN_UNUSED_FUNCTION = YES;
				GCC_WARN_UNUSED_VARIABLE = YES;
				MACOSX_DEPLOYMENT_TARGET = 12.0;
				MTL_ENABLE_DEBUG_INFO = INCLUDE_SOURCE;
				MTL_FAST_MATH = YES;
				ONLY_ACTIVE_ARCH = YES;
				SDKROOT = macosx;
			};
			name = Debug;
		};
		EDA60A4E2317F41000B5FA3D /* Release */ = {
			isa = XCBuildConfiguration;
			buildSettings = {
				ALWAYS_SEARCH_USER_PATHS = NO;
				CLANG_ANALYZER_NONNULL = YES;
				CLANG_ANALYZER_NUMBER_OBJECT_CONVERSION = YES_AGGRESSIVE;
				CLANG_CXX_LANGUAGE_STANDARD = "gnu++14";
				CLANG_CXX_LIBRARY = "libc++";
				CLANG_ENABLE_MODULES = YES;
				CLANG_ENABLE_OBJC_ARC = YES;
				CLANG_ENABLE_OBJC_WEAK = YES;
				CLANG_WARN_BLOCK_CAPTURE_AUTORELEASING = YES;
				CLANG_WARN_BOOL_CONVERSION = YES;
				CLANG_WARN_COMMA = YES;
				CLANG_WARN_CONSTANT_CONVERSION = YES;
				CLANG_WARN_DEPRECATED_OBJC_IMPLEMENTATIONS = YES;
				CLANG_WARN_DIRECT_OBJC_ISA_USAGE = YES_ERROR;
				CLANG_WARN_DOCUMENTATION_COMMENTS = YES;
				CLANG_WARN_EMPTY_BODY = YES;
				CLANG_WARN_ENUM_CONVERSION = YES;
				CLANG_WARN_INFINITE_RECURSION = YES;
				CLANG_WARN_INT_CONVERSION = YES;
				CLANG_WARN_NON_LITERAL_NULL_CONVERSION = YES;
				CLANG_WARN_OBJC_IMPLICIT_RETAIN_SELF = YES;
				CLANG_WARN_OBJC_LITERAL_CONVERSION = YES;
				CLANG_WARN_OBJC_ROOT_CLASS = YES_ERROR;
				CLANG_WARN_QUOTED_INCLUDE_IN_FRAMEWORK_HEADER = YES;
				CLANG_WARN_RANGE_LOOP_ANALYSIS = YES;
				CLANG_WARN_STRICT_PROTOTYPES = YES;
				CLANG_WARN_SUSPICIOUS_MOVE = YES;
				CLANG_WARN_UNGUARDED_AVAILABILITY = YES_AGGRESSIVE;
				CLANG_WARN_UNREACHABLE_CODE = YES;
				CLANG_WARN__DUPLICATE_METHOD_MATCH = YES;
				CODE_SIGN_IDENTITY = "Mac Developer";
				COPY_PHASE_STRIP = NO;
				DEBUG_INFORMATION_FORMAT = "dwarf-with-dsym";
				ENABLE_NS_ASSERTIONS = NO;
				ENABLE_STRICT_OBJC_MSGSEND = YES;
				GCC_C_LANGUAGE_STANDARD = gnu11;
				GCC_NO_COMMON_BLOCKS = YES;
				GCC_OPTIMIZATION_LEVEL = 0;
				GCC_WARN_64_TO_32_BIT_CONVERSION = YES;
				GCC_WARN_ABOUT_RETURN_TYPE = YES_ERROR;
				GCC_WARN_UNDECLARED_SELECTOR = YES;
				GCC_WARN_UNINITIALIZED_AUTOS = YES_AGGRESSIVE;
				GCC_WARN_UNUSED_FUNCTION = YES;
				GCC_WARN_UNUSED_VARIABLE = YES;
				MACOSX_DEPLOYMENT_TARGET = 12.0;
				MTL_ENABLE_DEBUG_INFO = NO;
				MTL_FAST_MATH = YES;
				SDKROOT = macosx;
			};
			name = Release;
		};
		EDA60A502317F41000B5FA3D /* Debug */ = {
			isa = XCBuildConfiguration;
			baseConfigurationReference = B52E29B332C61AA6549F741F /* Pods-GHWXcodeExtension.debug.xcconfig */;
			buildSettings = {
				ASSETCATALOG_COMPILER_APPICON_NAME = AppIcon;
				CODE_SIGN_ENTITLEMENTS = GHWXcodeExtension/GHWXcodeExtension.entitlements;
				CODE_SIGN_IDENTITY = "Apple Development";
				CODE_SIGN_STYLE = Automatic;
				COMBINE_HIDPI_IMAGES = YES;
				DEVELOPMENT_TEAM = QQGC6FGPZU;
				INFOPLIST_FILE = GHWXcodeExtension/Info.plist;
				LD_RUNPATH_SEARCH_PATHS = (
					"$(inherited)",
					"@executable_path/../Frameworks",
				);
				MACOSX_DEPLOYMENT_TARGET = 12.0;
				PRODUCT_BUNDLE_IDENTIFIER = com.yanghe.boring.TBCXcodeExtension;
				PRODUCT_NAME = "$(TARGET_NAME)";
				PROVISIONING_PROFILE_SPECIFIER = "";
			};
			name = Debug;
		};
		EDA60A512317F41000B5FA3D /* Release */ = {
			isa = XCBuildConfiguration;
			baseConfigurationReference = 44F77CC4E21EA8A95ADDBA3C /* Pods-GHWXcodeExtension.release.xcconfig */;
			buildSettings = {
				ASSETCATALOG_COMPILER_APPICON_NAME = AppIcon;
				CODE_SIGN_ENTITLEMENTS = GHWXcodeExtension/GHWXcodeExtension.entitlements;
				CODE_SIGN_IDENTITY = "Apple Development";
				CODE_SIGN_STYLE = Automatic;
				COMBINE_HIDPI_IMAGES = YES;
				DEVELOPMENT_TEAM = QQGC6FGPZU;
				INFOPLIST_FILE = GHWXcodeExtension/Info.plist;
				LD_RUNPATH_SEARCH_PATHS = (
					"$(inherited)",
					"@executable_path/../Frameworks",
				);
				MACOSX_DEPLOYMENT_TARGET = 12.0;
				PRODUCT_BUNDLE_IDENTIFIER = com.yanghe.boring.TBCXcodeExtension;
				PRODUCT_NAME = "$(TARGET_NAME)";
				PROVISIONING_PROFILE_SPECIFIER = "";
			};
			name = Release;
		};
		EDA60A672317F43500B5FA3D /* Debug */ = {
			isa = XCBuildConfiguration;
			baseConfigurationReference = 22D679596404856FB6BB4145 /* Pods-GHWExtension.debug.xcconfig */;
			buildSettings = {
				ASSETCATALOG_COMPILER_APPICON_NAME = "AppIcon-2";
				CODE_SIGN_ENTITLEMENTS = GHWExtension/GHWExtension.entitlements;
				CODE_SIGN_IDENTITY = "Apple Development";
				CODE_SIGN_STYLE = Automatic;
				COMBINE_HIDPI_IMAGES = YES;
				DEVELOPMENT_TEAM = QQGC6FGPZU;
				ENABLE_APP_SANDBOX = YES;
				INFOPLIST_FILE = GHWExtension/Info.plist;
				LD_RUNPATH_SEARCH_PATHS = (
					"$(inherited)",
					"@executable_path/../Frameworks",
					"@executable_path/../../../../Frameworks",
				);
				MACOSX_DEPLOYMENT_TARGET = 12.0;
				PRODUCT_BUNDLE_IDENTIFIER = com.yanghe.boring.TBCXcodeExtension;
				PRODUCT_NAME = "$(TARGET_NAME)";
				PROVISIONING_PROFILE_SPECIFIER = "";
				SKIP_INSTALL = YES;
			};
			name = Debug;
		};
		EDA60A682317F43500B5FA3D /* Release */ = {
			isa = XCBuildConfiguration;
			baseConfigurationReference = 70022FC8A7C8E96E13E4C19F /* Pods-GHWExtension.release.xcconfig */;
			buildSettings = {
				ASSETCATALOG_COMPILER_APPICON_NAME = "AppIcon-2";
				CODE_SIGN_ENTITLEMENTS = GHWExtension/GHWExtension.entitlements;
				CODE_SIGN_IDENTITY = "Apple Development";
				CODE_SIGN_STYLE = Automatic;
				COMBINE_HIDPI_IMAGES = YES;
				DEVELOPMENT_TEAM = QQGC6FGPZU;
				ENABLE_APP_SANDBOX = YES;
				INFOPLIST_FILE = GHWExtension/Info.plist;
				LD_RUNPATH_SEARCH_PATHS = (
					"$(inherited)",
					"@executable_path/../Frameworks",
					"@executable_path/../../../../Frameworks",
				);
				MACOSX_DEPLOYMENT_TARGET = 12.0;
				PRODUCT_BUNDLE_IDENTIFIER = com.yanghe.boring.TBCXcodeExtension;
				PRODUCT_NAME = "$(TARGET_NAME)";
				PROVISIONING_PROFILE_SPECIFIER = "";
				SKIP_INSTALL = YES;
			};
			name = Release;
		};
/* End XCBuildConfiguration section */

/* Begin XCConfigurationList section */
		EDA60A362317F41000B5FA3D /* Build configuration list for PBXProject "GHWXcodeExtension" */ = {
			isa = XCConfigurationList;
			buildConfigurations = (
				EDA60A4D2317F41000B5FA3D /* Debug */,
				EDA60A4E2317F41000B5FA3D /* Release */,
			);
			defaultConfigurationIsVisible = 0;
			defaultConfigurationName = Release;
		};
		EDA60A4F2317F41000B5FA3D /* Build configuration list for PBXNativeTarget "GHWXcodeExtension" */ = {
			isa = XCConfigurationList;
			buildConfigurations = (
				EDA60A502317F41000B5FA3D /* Debug */,
				EDA60A512317F41000B5FA3D /* Release */,
			);
			defaultConfigurationIsVisible = 0;
			defaultConfigurationName = Release;
		};
		EDA60A662317F43500B5FA3D /* Build configuration list for PBXNativeTarget "GHWExtension" */ = {
			isa = XCConfigurationList;
			buildConfigurations = (
				EDA60A672317F43500B5FA3D /* Debug */,
				EDA60A682317F43500B5FA3D /* Release */,
			);
			defaultConfigurationIsVisible = 0;
			defaultConfigurationName = Release;
		};
/* End XCConfigurationList section */
	};
	rootObject = EDA60A332317F41000B5FA3D /* Project object */;
}
